Microsoft Visual Studio Solution File, Format Version 12.00
# Visual Studio Version 17
VisualStudioVersion = 17.5.2.0
MinimumVisualStudioVersion = 10.0.40219.1
Project("{FAE04EC0-301F-11D3-BF4B-00C04F79EFBC}") = "FileSearch", "FileSearch.csproj", "{2B467F1B-6CB2-5B0F-2A9B-6A425EEF96EE}"
EndProject
Global
	GlobalSection(SolutionConfigurationPlatforms) = preSolution
		Debug|Any CPU = Debug|Any CPU
		Release|Any CPU = Release|Any CPU
	EndGlobalSection
	GlobalSection(ProjectConfigurationPlatforms) = postSolution
		{2B467F1B-6CB2-5B0F-2A9B-6A425EEF96EE}.Debug|Any CPU.ActiveCfg = Debug|Any CPU
		{2B467F1B-6CB2-5B0F-2A9B-6A425EEF96EE}.Debug|Any CPU.Build.0 = Debug|Any CPU
		{2B467F1B-6CB2-5B0F-2A9B-6A425EEF96EE}.Release|Any CPU.ActiveCfg = Release|Any CPU
		{2B467F1B-6CB2-5B0F-2A9B-6A425EEF96EE}.Release|Any CPU.Build.0 = Release|Any CPU
	EndGlobalSection
	GlobalSection(SolutionProperties) = preSolution
		HideSolutionNode = FALSE
	EndGlobalSection
	GlobalSection(ExtensibilityGlobals) = postSolution
		SolutionGuid = {ED0164E2-70F5-4107-9DD3-37C102E60A61}
	EndGlobalSection
EndGlobal
